
Microsoft Visual Studio Solution File, Format Version 12.00
# Visual Studio Version 18
VisualStudioVersion = 18.3.11527.330 d18.3
MinimumVisualStudioVersion = 10.0.40219.1
Project("{888888A0-9F3D-457C-B088-3A5042F75D52}") = "ClaraRAGP", "ClaraRAGP.pyproj", "{9C32E32A-2F49-4C65-84A3-017A12A8E4BF}"
EndProject
Global
	GlobalSection(SolutionConfigurationPlatforms) = preSolution
		Debug|Any CPU = Debug|Any CPU
		Release|Any CPU = Release|Any CPU
	EndGlobalSection
	GlobalSection(ProjectConfigurationPlatforms) = postSolution
		{9C32E32A-2F49-4C65-84A3-017A12A8E4BF}.Debug|Any CPU.ActiveCfg = Debug|Any CPU
		{9C32E32A-2F49-4C65-84A3-017A12A8E4BF}.Release|Any CPU.ActiveCfg = Release|Any CPU
	EndGlobalSection
	GlobalSection(SolutionProperties) = preSolution
		HideSolutionNode = FALSE
	EndGlobalSection
	GlobalSection(ExtensibilityGlobals) = postSolution
		SolutionGuid = {93A92812-353A-4246-84A1-51D66808276C}
	EndGlobalSection
EndGlobal
